
Microsoft Visual Studio Solution File, Format Version 12.00
# Visual Studio 15
VisualStudioVersion = 15.0.28307.1000
MinimumVisualStudioVersion = 10.0.40219.1
Project("{FAE04EC0-301F-11D3-BF4B-00C04F79EFBC}") = "CrudOperation in ASP.NET MVC", "CrudOperation in ASP.NET MVC\CrudOperation in ASP.NET MVC.csproj", "{B48F9527-5BF4-4D56-99EE-88C6D4B056DC}"
EndProject
Global
	GlobalSection(SolutionConfigurationPlatforms) = preSolution
		Debug|Any CPU = Debug|Any CPU
		Release|Any CPU = Release|Any CPU
	EndGlobalSection
	GlobalSection(ProjectConfigurationPlatforms) = postSolution
		{B48F9527-5BF4-4D56-99EE-88C6D4B056DC}.Debug|Any CPU.ActiveCfg = Debug|Any CPU
		{B48F9527-5BF4-4D56-99EE-88C6D4B056DC}.Debug|Any CPU.Build.0 = Debug|Any CPU
		{B48F9527-5BF4-4D56-99EE-88C6D4B056DC}.Release|Any CPU.ActiveCfg = Release|Any CPU
		{B48F9527-5BF4-4D56-99EE-88C6D4B056DC}.Release|Any CPU.Build.0 = Release|Any CPU
	EndGlobalSection
	GlobalSection(SolutionProperties) = preSolution
		HideSolutionNode = FALSE
	EndGlobalSection
	GlobalSection(ExtensibilityGlobals) = postSolution
		SolutionGuid = {CBF2A5DF-0BCF-4C00-BC46-5FA122DA72F5}
	EndGlobalSection
EndGlobal
